dependencies:
  espressif/esp_lvgl_port:
    component_hash: fb6c1fdfe70d4ca39a035d63ca394a35f17ec84ce16ff98ecb13a54155d75da4
    dependencies:
    - name: idf
      require: private
      version: '>=5.2'
    - name: lvgl/lvgl
      registry_url: https://components.espressif.com
      require: public
      version: '>=8,<10'
    source:
      registry_url: https://components.espressif.com/
      type: service
    version: 2.8.0~1
  idf:
    source:
      type: idf
    version: 6.0.0
  jbrilha/esp_lcd_st7789:
    component_hash: 95b5a7ed16de15546d37d5ab4abce3b1d8b9ed418ec8b6d06ac8890f082e4188
    dependencies: []
    source:
      registry_url: https://components.espressif.com/
      type: service
    version: 1.0.2
  lvgl/lvgl:
    component_hash: d7c1ac037ae6e85d94897f807d6e7ba0946a83e720074fc95a4f6241da9f9f53
    dependencies: []
    source:
      registry_url: https://components.espressif.com/
      type: service
    version: 8.4.0
direct_dependencies:
- espressif/esp_lvgl_port
- idf
- jbrilha/esp_lcd_st7789
- lvgl/lvgl
manifest_hash: 4ae22b96e2fa685940fa473ecd2194de5312bb39be2507336ba3adacd955e12a
target: esp32s3
version: 3.0.0
